
Microsoft Visual Studio Solution File, Format Version 12.00
# Visual Studio 2013
VisualStudioVersion = 12.0.31101.0
MinimumVisualStudioVersion = 10.0.40219.1
Project("{FAE04EC0-301F-11D3-BF4B-00C04F79EFBC}") = "MerulaShell", "MerulaShell\MerulaShell.csproj", "{D86206AD-620E-4CE4-A6F0-D2554CD7EC30}"
EndProject
Project("{FAE04EC0-301F-11D3-BF4B-00C04F79EFBC}") = "MerulaShellController", "MerulaShellController\MerulaShellController.csproj", "{00B88B3D-78EA-4BC2-8C8A-BA94EF240747}"
EndProject
Project("{FAE04EC0-301F-11D3-BF4B-00C04F79EFBC}") = "TestApp", "TestApp\TestApp.csproj", "{B6602387-FD4F-4B94-87EE-1281E2C8AFA8}"
EndProject
Project("{FAE04EC0-301F-11D3-BF4B-00C04F79EFBC}") = "MerulaShellUtilities", "MerulaShellUtilities\MerulaShellUtilities.csproj", "{376FB9C6-DC02-4D80-8F33-B9A87018253A}"
EndProject
Project("{FAE04EC0-301F-11D3-BF4B-00C04F79EFBC}") = "MerulaShellProgramManager", "MerulaShellProgramManager\MerulaShellProgramManager.csproj", "{680303ED-599D-4E2E-B9D1-3EADA1FB566C}"
EndProject
Project("{54435603-DBB4-11D2-8724-00A0C9A8B90C}") = "DemoInstaller", "DemoInstaller\DemoInstaller.vdproj", "{B0FC6CFE-5DDF-4EC2-87AC-F7B6810BE00B}"
EndProject
Project("{FAE04EC0-301F-11D3-BF4B-00C04F79EFBC}") = "MerulaShellUi", "MerulaShellUi\MerulaShellUi.csproj", "{40B2F6EB-DF8F-4700-A634-1EFBE68526F3}"
EndProject
Project("{2150E333-8FDC-42A3-9474-1A3956D46DE8}") = "Solution Items", "Solution Items", "{D9B1DB68-F7EC-4B2C-9852-1824332F4465}"
	ProjectSection(SolutionItems) = preProject
		README.md = README.md
	EndProjectSection
EndProject
Global
	GlobalSection(SolutionConfigurationPlatforms) = preSolution
		Debug|Any CPU = Debug|Any CPU
		Debug|Mixed Platforms = Debug|Mixed Platforms
		Debug|x86 = Debug|x86
		Release|Any CPU = Release|Any CPU
		Release|Mixed Platforms = Release|Mixed Platforms
		Release|x86 = Release|x86
	EndGlobalSection
	GlobalSection(ProjectConfigurationPlatforms) = postSolution
		{D86206AD-620E-4CE4-A6F0-D2554CD7EC30}.Debug|Any CPU.ActiveCfg = Debug|Any CPU
		{D86206AD-620E-4CE4-A6F0-D2554CD7EC30}.Debug|Any CPU.Build.0 = Debug|Any CPU
		{D86206AD-620E-4CE4-A6F0-D2554CD7EC30}.Debug|Mixed Platforms.ActiveCfg = Debug|Any CPU
		{D86206AD-620E-4CE4-A6F0-D2554CD7EC30}.Debug|Mixed Platforms.Build.0 = Debug|Any CPU
		{D86206AD-620E-4CE4-A6F0-D2554CD7EC30}.Debug|x86.ActiveCfg = Debug|Any CPU
		{D86206AD-620E-4CE4-A6F0-D2554CD7EC30}.Release|Any CPU.ActiveCfg = Release|Any CPU
		{D86206AD-620E-4CE4-A6F0-D2554CD7EC30}.Release|Any CPU.Build.0 = Release|Any CPU
		{D86206AD-620E-4CE4-A6F0-D2554CD7EC30}.Release|Mixed Platforms.ActiveCfg = Release|Any CPU
		{D86206AD-620E-4CE4-A6F0-D2554CD7EC30}.Release|Mixed Platforms.Build.0 = Release|Any CPU
		{D86206AD-620E-4CE4-A6F0-D2554CD7EC30}.Release|x86.ActiveCfg = Release|Any CPU
		{00B88B3D-78EA-4BC2-8C8A-BA94EF240747}.Debug|Any CPU.ActiveCfg = Debug|Any CPU
		{00B88B3D-78EA-4BC2-8C8A-BA94EF240747}.Debug|Any CPU.Build.0 = Debug|Any CPU
		{00B88B3D-78EA-4BC2-8C8A-BA94EF240747}.Debug|Mixed Platforms.ActiveCfg = Debug|Any CPU
		{00B88B3D-78EA-4BC2-8C8A-BA94EF240747}.Debug|Mixed Platforms.Build.0 = Debug|Any CPU
		{00B88B3D-78EA-4BC2-8C8A-BA94EF240747}.Debug|x86.ActiveCfg = Debug|Any CPU
		{00B88B3D-78EA-4BC2-8C8A-BA94EF240747}.Release|Any CPU.ActiveCfg = Release|Any CPU
		{00B88B3D-78EA-4BC2-8C8A-BA94EF240747}.Release|Any CPU.Build.0 = Release|Any CPU
		{00B88B3D-78EA-4BC2-8C8A-BA94EF240747}.Release|Mixed Platforms.ActiveCfg = Release|Any CPU
		{00B88B3D-78EA-4BC2-8C8A-BA94EF240747}.Release|Mixed Platforms.Build.0 = Release|Any CPU
		{00B88B3D-78EA-4BC2-8C8A-BA94EF240747}.Release|x86.ActiveCfg = Release|Any CPU
		{B6602387-FD4F-4B94-87EE-1281E2C8AFA8}.Debug|Any CPU.ActiveCfg = Debug|x86
		{B6602387-FD4F-4B94-87EE-1281E2C8AFA8}.Debug|Mixed Platforms.ActiveCfg = Debug|x86
		{B6602387-FD4F-4B94-87EE-1281E2C8AFA8}.Debug|Mixed Platforms.Build.0 = Debug|x86
		{B6602387-FD4F-4B94-87EE-1281E2C8AFA8}.Debug|x86.ActiveCfg = Debug|x86
		{B6602387-FD4F-4B94-87EE-1281E2C8AFA8}.Debug|x86.Build.0 = Debug|x86
		{B6602387-FD4F-4B94-87EE-1281E2C8AFA8}.Release|Any CPU.ActiveCfg = Release|x86
		{B6602387-FD4F-4B94-87EE-1281E2C8AFA8}.Release|Mixed Platforms.ActiveCfg = Release|x86
		{B6602387-FD4F-4B94-87EE-1281E2C8AFA8}.Release|Mixed Platforms.Build.0 = Release|x86
		{B6602387-FD4F-4B94-87EE-1281E2C8AFA8}.Release|x86.ActiveCfg = Release|x86
		{B6602387-FD4F-4B94-87EE-1281E2C8AFA8}.Release|x86.Build.0 = Release|x86
		{376FB9C6-DC02-4D80-8F33-B9A87018253A}.Debug|Any CPU.ActiveCfg = Debug|Any CPU
		{376FB9C6-DC02-4D80-8F33-B9A87018253A}.Debug|Any CPU.Build.0 = Debug|Any CPU
		{376FB9C6-DC02-4D80-8F33-B9A87018253A}.Debug|Mixed Platforms.ActiveCfg = Debug|Any CPU
		{376FB9C6-DC02-4D80-8F33-B9A87018253A}.Debug|Mixed Platforms.Build.0 = Debug|Any CPU
		{376FB9C6-DC02-4D80-8F33-B9A87018253A}.Debug|x86.ActiveCfg = Debug|Any CPU
		{376FB9C6-DC02-4D80-8F33-B9A87018253A}.Release|Any CPU.ActiveCfg = Release|Any CPU
		{376FB9C6-DC02-4D80-8F33-B9A87018253A}.Release|Any CPU.Build.0 = Release|Any CPU
		{376FB9C6-DC02-4D80-8F33-B9A87018253A}.Release|Mixed Platforms.ActiveCfg = Release|Any CPU
		{376FB9C6-DC02-4D80-8F33-B9A87018253A}.Release|Mixed Platforms.Build.0 = Release|Any CPU
		{376FB9C6-DC02-4D80-8F33-B9A87018253A}.Release|x86.ActiveCfg = Release|Any CPU
		{680303ED-599D-4E2E-B9D1-3EADA1FB566C}.Debug|Any CPU.ActiveCfg = Debug|Any CPU
		{680303ED-599D-4E2E-B9D1-3EADA1FB566C}.Debug|Any CPU.Build.0 = Debug|Any CPU
		{680303ED-599D-4E2E-B9D1-3EADA1FB566C}.Debug|Mixed Platforms.ActiveCfg = Debug|Any CPU
		{680303ED-599D-4E2E-B9D1-3EADA1FB566C}.Debug|Mixed Platforms.Build.0 = Debug|Any CPU
		{680303ED-599D-4E2E-B9D1-3EADA1FB566C}.Debug|x86.ActiveCfg = Debug|Any CPU
		{680303ED-599D-4E2E-B9D1-3EADA1FB566C}.Release|Any CPU.ActiveCfg = Release|Any CPU
		{680303ED-599D-4E2E-B9D1-3EADA1FB566C}.Release|Any CPU.Build.0 = Release|Any CPU
		{680303ED-599D-4E2E-B9D1-3EADA1FB566C}.Release|Mixed Platforms.ActiveCfg = Release|Any CPU
		{680303ED-599D-4E2E-B9D1-3EADA1FB566C}.Release|Mixed Platforms.Build.0 = Release|Any CPU
		{680303ED-599D-4E2E-B9D1-3EADA1FB566C}.Release|x86.ActiveCfg = Release|Any CPU
		{B0FC6CFE-5DDF-4EC2-87AC-F7B6810BE00B}.Debug|Any CPU.ActiveCfg = Debug
		{B0FC6CFE-5DDF-4EC2-87AC-F7B6810BE00B}.Debug|Mixed Platforms.ActiveCfg = Debug
		{B0FC6CFE-5DDF-4EC2-87AC-F7B6810BE00B}.Debug|x86.ActiveCfg = Debug
		{B0FC6CFE-5DDF-4EC2-87AC-F7B6810BE00B}.Release|Any CPU.ActiveCfg = Release
		{B0FC6CFE-5DDF-4EC2-87AC-F7B6810BE00B}.Release|Mixed Platforms.ActiveCfg = Release
		{B0FC6CFE-5DDF-4EC2-87AC-F7B6810BE00B}.Release|x86.ActiveCfg = Release
		{40B2F6EB-DF8F-4700-A634-1EFBE68526F3}.Debug|Any CPU.ActiveCfg = Debug|Any CPU
		{40B2F6EB-DF8F-4700-A634-1EFBE68526F3}.Debug|Any CPU.Build.0 = Debug|Any CPU
		{40B2F6EB-DF8F-4700-A634-1EFBE68526F3}.Debug|Mixed Platforms.ActiveCfg = Debug|Any CPU
		{40B2F6EB-DF8F-4700-A634-1EFBE68526F3}.Debug|Mixed Platforms.Build.0 = Debug|Any CPU
		{40B2F6EB-DF8F-4700-A634-1EFBE68526F3}.Debug|x86.ActiveCfg = Debug|Any CPU
		{40B2F6EB-DF8F-4700-A634-1EFBE68526F3}.Release|Any CPU.ActiveCfg = Release|Any CPU
		{40B2F6EB-DF8F-4700-A634-1EFBE68526F3}.Release|Any CPU.Build.0 = Release|Any CPU
		{40B2F6EB-DF8F-4700-A634-1EFBE68526F3}.Release|Mixed Platforms.ActiveCfg = Release|Any CPU
		{40B2F6EB-DF8F-4700-A634-1EFBE68526F3}.Release|Mixed Platforms.Build.0 = Release|Any CPU
		{40B2F6EB-DF8F-4700-A634-1EFBE68526F3}.Release|x86.ActiveCfg = Release|Any CPU
	EndGlobalSection
	GlobalSection(SolutionProperties) = preSolution
		HideSolutionNode = FALSE
	EndGlobalSection
EndGlobal
